
Microsoft Visual Studio Solution File, Format Version 12.00
# Visual Studio 15
VisualStudioVersion = 15.0.28307.645
MinimumVisualStudioVersion = 10.0.40219.1
Project("{FAE04EC0-301F-11D3-BF4B-00C04F79EFBC}") = "Nitin2", "Nitin2\Nitin2.csproj", "{83F01826-7CD4-4C21-8149-DFD0E32B8435}"
EndProject
Global
	GlobalSection(SolutionConfigurationPlatforms) = preSolution
		Debug|Any CPU = Debug|Any CPU
		Release|Any CPU = Release|Any CPU
	EndGlobalSection
	GlobalSection(ProjectConfigurationPlatforms) = postSolution
		{83F01826-7CD4-4C21-8149-DFD0E32B8435}.Debug|Any CPU.ActiveCfg = Debug|Any CPU
		{83F01826-7CD4-4C21-8149-DFD0E32B8435}.Debug|Any CPU.Build.0 = Debug|Any CPU
		{83F01826-7CD4-4C21-8149-DFD0E32B8435}.Release|Any CPU.ActiveCfg = Release|Any CPU
		{83F01826-7CD4-4C21-8149-DFD0E32B8435}.Release|Any CPU.Build.0 = Release|Any CPU
	EndGlobalSection
	GlobalSection(SolutionProperties) = preSolution
		HideSolutionNode = FALSE
	EndGlobalSection
	GlobalSection(ExtensibilityGlobals) = postSolution
		SolutionGuid = {DDEB8DBC-108A-4C60-9170-8C8C6A1C1016}
	EndGlobalSection
EndGlobal
